
Microsoft Visual Studio Solution File, Format Version 12.00
# Visual Studio Version 17
VisualStudioVersion = 17.2.32630.192
MinimumVisualStudioVersion = 10.0.40219.1
Project("{FAE04EC0-301F-11D3-BF4B-00C04F79EFBC}") = "ConsoleApp1", "ConsoleApp1\ConsoleApp1.csproj", "{5947A3F6-D83C-4A9E-BEC2-6A8D0E78BD83}"
EndProject
Project("{FAE04EC0-301F-11D3-BF4B-00C04F79EFBC}") = "ConsoleApp_Aula1_Exercicio", "ConsoleApp_Aula1_Exercicio\ConsoleApp_Aula1_Exercicio.csproj", "{0D5A7560-26A2-41BD-865E-5ED201E99CA9}"
EndProject
Global
	GlobalSection(SolutionConfigurationPlatforms) = preSolution
		Debug|Any CPU = Debug|Any CPU
		Release|Any CPU = Release|Any CPU
	EndGlobalSection
	GlobalSection(ProjectConfigurationPlatforms) = postSolution
		{5947A3F6-D83C-4A9E-BEC2-6A8D0E78BD83}.Debug|Any CPU.ActiveCfg = Debug|Any CPU
		{5947A3F6-D83C-4A9E-BEC2-6A8D0E78BD83}.Debug|Any CPU.Build.0 = Debug|Any CPU
		{5947A3F6-D83C-4A9E-BEC2-6A8D0E78BD83}.Release|Any CPU.ActiveCfg = Release|Any CPU
		{5947A3F6-D83C-4A9E-BEC2-6A8D0E78BD83}.Release|Any CPU.Build.0 = Release|Any CPU
		{0D5A7560-26A2-41BD-865E-5ED201E99CA9}.Debug|Any CPU.ActiveCfg = Debug|Any CPU
		{0D5A7560-26A2-41BD-865E-5ED201E99CA9}.Debug|Any CPU.Build.0 = Debug|Any CPU
		{0D5A7560-26A2-41BD-865E-5ED201E99CA9}.Release|Any CPU.ActiveCfg = Release|Any CPU
		{0D5A7560-26A2-41BD-865E-5ED201E99CA9}.Release|Any CPU.Build.0 = Release|Any CPU
	EndGlobalSection
	GlobalSection(SolutionProperties) = preSolution
		HideSolutionNode = FALSE
	EndGlobalSection
	GlobalSection(ExtensibilityGlobals) = postSolution
		SolutionGuid = {4FB9F8EB-6AAA-44FB-84F2-B176B2EB884A}
	EndGlobalSection
EndGlobal
